lockfileVersion: '9.0'

settings:
  autoInstallPeers: true
  excludeLinksFromLockfile: false

importers:

  .:
    devDependencies:
      '@iconify-json/tabler':
        specifier: ^1.2.23
        version: 1.2.23

packages:

  '@iconify-json/tabler@1.2.23':
    resolution: {integrity: sha512-Knb8ykgMwB5uSoqrDv1xIdJYM03OP06OXjN6QvGXaTNtdHkW9ciKA+aftz6lwM2jwJA+bsUWeDzLBlPt2uJm4w==}

  '@iconify/types@2.0.0':
    resolution: {integrity: sha512-+wluvCrRhXrhyOmRDJ3q8mux9JkKy5SJ/v8ol2tu4FVjyYvtEzkc/3pK15ET6RKg4b4w4BmTk1+gsCUhf21Ykg==}

snapshots:

  '@iconify-json/tabler@1.2.23':
    dependencies:
      '@iconify/types': 2.0.0

  '@iconify/types@2.0.0': {}
